
Microsoft Visual Studio Solution File, Format Version 12.00
# Visual Studio Version 17
VisualStudioVersion = 17.14.37111.16 d17.14
MinimumVisualStudioVersion = 10.0.40219.1
Project("{FAE04EC0-301F-11D3-BF4B-00C04F79EFBC}") = "BeepPlayer", "BeepPlayer.csproj", "{35829A9D-D1BF-4900-9038-F7B237C597D3}"
EndProject
Global
	GlobalSection(SolutionConfigurationPlatforms) = preSolution
		Debug|Any CPU = Debug|Any CPU
		Release|Any CPU = Release|Any CPU
	EndGlobalSection
	GlobalSection(ProjectConfigurationPlatforms) = postSolution
		{35829A9D-D1BF-4900-9038-F7B237C597D3}.Debug|Any CPU.ActiveCfg = Debug|Any CPU
		{35829A9D-D1BF-4900-9038-F7B237C597D3}.Debug|Any CPU.Build.0 = Debug|Any CPU
		{35829A9D-D1BF-4900-9038-F7B237C597D3}.Release|Any CPU.ActiveCfg = Release|Any CPU
		{35829A9D-D1BF-4900-9038-F7B237C597D3}.Release|Any CPU.Build.0 = Release|Any CPU
	EndGlobalSection
	GlobalSection(SolutionProperties) = preSolution
		HideSolutionNode = FALSE
	EndGlobalSection
	GlobalSection(ExtensibilityGlobals) = postSolution
		SolutionGuid = {8D82C69D-83DC-4A06-B036-EDC2B76F3E1B}
	EndGlobalSection
EndGlobal
